// !$*UTF8*$!
{
	archiveVersion = 1;
	classes = {
	};
	objectVersion = 56;
	objects = {

/* Begin PBXBuildFile section */
		F295C4542BDFEC8900E5D2A5 /* Hipup Watch App.app in Embed Watch Content */ = {isa = PBXBuildFile; fileRef = F295C4532BDFEC8900E5D2A5 /* Hipup Watch App.app */; settings = {ATTRIBUTES = (RemoveHeadersOnCopy, ); }; };
		F295C4592BDFEC8900E5D2A5 /* HipupApp.swift in Sources */ = {isa = PBXBuildFile; fileRef = F295C4582BDFEC8900E5D2A5 /* HipupApp.swift */; };
		F295C45B2BDFEC8900E5D2A5 /* ContentView.swift in Sources */ = {isa = PBXBuildFile; fileRef = F295C45A2BDFEC8900E5D2A5 /* ContentView.swift */; };
		F295C45D2BDFEC8A00E5D2A5 /* Assets.xcassets in Resources */ = {isa = PBXBuildFile; fileRef = F295C45C2BDFEC8A00E5D2A5 /* Assets.xcassets */; };
		F295C4602BDFEC8A00E5D2A5 /* Preview Assets.xcassets in Resources */ = {isa = PBXBuildFile; fileRef = F295C45F2BDFEC8A00E5D2A5 /* Preview Assets.xcassets */; };
		F295C46B2BDFECB400E5D2A5 /* FirstView.swift in Sources */ = {isa = PBXBuildFile; fileRef = F295C46A2BDFECB400E5D2A5 /* FirstView.swift */; };
		F295C46D2BDFECBD00E5D2A5 /* SecondView.swift in Sources */ = {isa = PBXBuildFile; fileRef = F295C46C2BDFECBD00E5D2A5 /* SecondView.swift */; };
		F295C46F2BDFECCC00E5D2A5 /* ThirdView.swift in Sources */ = {isa = PBXBuildFile; fileRef = F295C46E2BDFECCC00E5D2A5 /* ThirdView.swift */; };
		F295C4722BDFECF400E5D2A5 /* flush.wav in Resources */ = {isa = PBXBuildFile; fileRef = F295C4712BDFECF400E5D2A5 /* flush.wav */; };
/* End PBXBuildFile section */

/* Begin PBXContainerItemProxy section */
		F295C4552BDFEC8900E5D2A5 /* PBXContainerItemProxy */ = {
			isa = PBXContainerItemProxy;
			containerPortal = F295C4472BDFEC8900E5D2A5 /* Project object */;
			proxyType = 1;
			remoteGlobalIDString = F295C4522BDFEC8900E5D2A5;
			remoteInfo = "Hipup Watch App";
		};
/* End PBXContainerItemProxy section */

/* Begin PBXCopyFilesBuildPhase section */
		F295C4662BDFEC8A00E5D2A5 /* Embed Watch Content */ = {
			isa = PBXCopyFilesBuildPhase;
			buildActionMask = 2147483647;
			dstPath = "$(CONTENTS_FOLDER_PATH)/Watch";
			dstSubfolderSpec = 16;
			files = (
				F295C4542BDFEC8900E5D2A5 /* Hipup Watch App.app in Embed Watch Content */,
			);
			name = "Embed Watch Content";
			runOnlyForDeploymentPostprocessing = 0;
		};
/* End PBXCopyFilesBuildPhase section */

/* Begin PBXFileReference section */
		F295C44D2BDFEC8900E5D2A5 /* Hipup.app */ = {isa = PBXFileReference; explicitFileType = wrapper.application; includeInIndex = 0; path = Hipup.app; sourceTree = BUILT_PRODUCTS_DIR; };
		F295C4532BDFEC8900E5D2A5 /* Hipup Watch App.app */ = {isa = PBXFileReference; explicitFileType = wrapper.application; includeInIndex = 0; path = "Hipup Watch App.app"; sourceTree = BUILT_PRODUCTS_DIR; };
		F295C4582BDFEC8900E5D2A5 /* HipupApp.swift */ = {isa = PBXFileReference; lastKnownFileType = sourcecode.swift; path = HipupApp.swift; sourceTree = "<group>"; };
		F295C45A2BDFEC8900E5D2A5 /* ContentView.swift */ = {isa = PBXFileReference; lastKnownFileType = sourcecode.swift; path = ContentView.swift; sourceTree = "<group>"; };
		F295C45C2BDFEC8A00E5D2A5 /* Assets.xcassets */ = {isa = PBXFileReference; lastKnownFileType = folder.assetcatalog; path = Assets.xcassets; sourceTree = "<group>"; };
		F295C45F2BDFEC8A00E5D2A5 /* Preview Assets.xcassets */ = {isa = PBXFileReference; lastKnownFileType = folder.assetcatalog; path = "Preview Assets.xcassets"; sourceTree = "<group>"; };
		F295C46A2BDFECB400E5D2A5 /* FirstView.swift */ = {isa = PBXFileReference; lastKnownFileType = sourcecode.swift; path = FirstView.swift; sourceTree = "<group>"; };
		F295C46C2BDFECBD00E5D2A5 /* SecondView.swift */ = {isa = PBXFileReference; lastKnownFileType = sourcecode.swift; path = SecondView.swift; sourceTree = "<group>"; };
		F295C46E2BDFECCC00E5D2A5 /* ThirdView.swift */ = {isa = PBXFileReference; lastKnownFileType = sourcecode.swift; path = ThirdView.swift; sourceTree = "<group>"; };
		F295C4712BDFECF400E5D2A5 /* flush.wav */ = {isa = PBXFileReference; lastKnownFileType = audio.wav; path = flush.wav; sourceTree = "<group>"; };
/* End PBXFileReference section */

/* Begin PBXFrameworksBuildPhase section */
		F295C4502BDFEC8900E5D2A5 /* Frameworks */ = {
			isa = PBXFrameworksBuildPhase;
			buildActionMask = 2147483647;
			files = (
			);
			runOnlyForDeploymentPostprocessing = 0;
		};
/* End PBXFrameworksBuildPhase section */

/* Begin PBXGroup section */
		F295C4462BDFEC8900E5D2A5 = {
			isa = PBXGroup;
			children = (
				F295C4572BDFEC8900E5D2A5 /* Hipup Watch App */,
				F295C44E2BDFEC8900E5D2A5 /* Products */,
			);
			sourceTree = "<group>";
		};
		F295C44E2BDFEC8900E5D2A5 /* Products */ = {
			isa = PBXGroup;
			children = (
				F295C44D2BDFEC8900E5D2A5 /* Hipup.app */,
				F295C4532BDFEC8900E5D2A5 /* Hipup Watch App.app */,
			);
			name = Products;
			sourceTree = "<group>";
		};
		F295C4572BDFEC8900E5D2A5 /* Hipup Watch App */ = {
			isa = PBXGroup;
			children = (
				F295C4702BDFECD300E5D2A5 /* Sound */,
				F295C4582BDFEC8900E5D2A5 /* HipupApp.swift */,
				F295C45A2BDFEC8900E5D2A5 /* ContentView.swift */,
				F295C46A2BDFECB400E5D2A5 /* FirstView.swift */,
				F295C46C2BDFECBD00E5D2A5 /* SecondView.swift */,
				F295C46E2BDFECCC00E5D2A5 /* ThirdView.swift */,
				F295C45C2BDFEC8A00E5D2A5 /* Assets.xcassets */,
				F295C45E2BDFEC8A00E5D2A5 /* Preview Content */,
			);
			path = "Hipup Watch App";
			sourceTree = "<group>";
		};
		F295C45E2BDFEC8A00E5D2A5 /* Preview Content */ = {
			isa = PBXGroup;
			children = (
				F295C45F2BDFEC8A00E5D2A5 /* Preview Assets.xcassets */,
			);
			path = "Preview Content";
			sourceTree = "<group>";
		};
		F295C4702BDFECD300E5D2A5 /* Sound */ = {
			isa = PBXGroup;
			children = (
				F295C4712BDFECF400E5D2A5 /* flush.wav */,
			);
			path = Sound;
			sourceTree = "<group>";
		};
/* End PBXGroup section */

/* Begin PBXNativeTarget section */
		F295C44C2BDFEC8900E5D2A5 /* Hipup */ = {
			isa = PBXNativeTarget;
			buildConfigurationList = F295C4672BDFEC8A00E5D2A5 /* Build configuration list for PBXNativeTarget "Hipup" */;
			buildPhases = (
				F295C44B2BDFEC8900E5D2A5 /* Resources */,
				F295C4662BDFEC8A00E5D2A5 /* Embed Watch Content */,
			);
			buildRules = (
			);
			dependencies = (
				F295C4562BDFEC8900E5D2A5 /* PBXTargetDependency */,
			);
			name = Hipup;
			productName = Hipup;
			productReference = F295C44D2BDFEC8900E5D2A5 /* Hipup.app */;
			productType = "com.apple.product-type.application.watchapp2-container";
		};
		F295C4522BDFEC8900E5D2A5 /* Hipup Watch App */ = {
			isa = PBXNativeTarget;
			buildConfigurationList = F295C4632BDFEC8A00E5D2A5 /* Build configuration list for PBXNativeTarget "Hipup Watch App" */;
			buildPhases = (
				F295C44F2BDFEC8900E5D2A5 /* Sources */,
				F295C4502BDFEC8900E5D2A5 /* Frameworks */,
				F295C4512BDFEC8900E5D2A5 /* Resources */,
			);
			buildRules = (
			);
			dependencies = (
			);
			name = "Hipup Watch App";
			productName = "Hipup Watch App";
			productReference = F295C4532BDFEC8900E5D2A5 /* Hipup Watch App.app */;
			productType = "com.apple.product-type.application";
		};
/* End PBXNativeTarget section */

/* Begin PBXProject section */
		F295C4472BDFEC8900E5D2A5 /* Project object */ = {
			isa = PBXProject;
			attributes = {
				BuildIndependentTargetsInParallel = 1;
				LastSwiftUpdateCheck = 1520;
				LastUpgradeCheck = 1520;
				TargetAttributes = {
					F295C44C2BDFEC8900E5D2A5 = {
						CreatedOnToolsVersion = 15.2;
					};
					F295C4522BDFEC8900E5D2A5 = {
						CreatedOnToolsVersion = 15.2;
					};
				};
			};
			buildConfigurationList = F295C44A2BDFEC8900E5D2A5 /* Build configuration list for PBXProject "Hipup" */;
			compatibilityVersion = "Xcode 14.0";
			developmentRegion = en;
			hasScannedForEncodings = 0;
			knownRegions = (
				en,
				Base,
			);
			mainGroup = F295C4462BDFEC8900E5D2A5;
			productRefGroup = F295C44E2BDFEC8900E5D2A5 /* Products */;
			projectDirPath = "";
			projectRoot = "";
			targets = (
				F295C44C2BDFEC8900E5D2A5 /* Hipup */,
				F295C4522BDFEC8900E5D2A5 /* Hipup Watch App */,
			);
		};
/* End PBXProject section */

/* Begin PBXResourcesBuildPhase section */
		F295C44B2BDFEC8900E5D2A5 /* Resources */ = {
			isa = PBXResourcesBuildPhase;
			buildActionMask = 2147483647;
			files = (
			);
			runOnlyForDeploymentPostprocessing = 0;
		};
		F295C4512BDFEC8900E5D2A5 /* Resources */ = {
			isa = PBXResourcesBuildPhase;
			buildActionMask = 2147483647;
			files = (
				F295C4722BDFECF400E5D2A5 /* flush.wav in Resources */,
				F295C4602BDFEC8A00E5D2A5 /* Preview Assets.xcassets in Resources */,
				F295C45D2BDFEC8A00E5D2A5 /* Assets.xcassets in Resources */,
			);
			runOnlyForDeploymentPostprocessing = 0;
		};
/* End PBXResourcesBuildPhase section */

/* Begin PBXSourcesBuildPhase section */
		F295C44F2BDFEC8900E5D2A5 /* Sources */ = {
			isa = PBXSourcesBuildPhase;
			buildActionMask = 2147483647;
			files = (
				F295C45B2BDFEC8900E5D2A5 /* ContentView.swift in Sources */,
				F295C46F2BDFECCC00E5D2A5 /* ThirdView.swift in Sources */,
				F295C46B2BDFECB400E5D2A5 /* FirstView.swift in Sources */,
				F295C46D2BDFECBD00E5D2A5 /* SecondView.swift in Sources */,
				F295C4592BDFEC8900E5D2A5 /* HipupApp.swift in Sources */,
			);
			runOnlyForDeploymentPostprocessing = 0;
		};
/* End PBXSourcesBuildPhase section */

/* Begin PBXTargetDependency section */
		F295C4562BDFEC8900E5D2A5 /* PBXTargetDependency */ = {
			isa = PBXTargetDependency;
			target = F295C4522BDFEC8900E5D2A5 /* Hipup Watch App */;
			targetProxy = F295C4552BDFEC8900E5D2A5 /* PBXContainerItemProxy */;
		};
/* End PBXTargetDependency section */

/* Begin XCBuildConfiguration section */
		F295C4612BDFEC8A00E5D2A5 /* Debug */ = {
			isa = XCBuildConfiguration;
			buildSettings = {
				ALWAYS_SEARCH_USER_PATHS = NO;
				ASSETCATALOG_COMPILER_GENERATE_SWIFT_ASSET_SYMBOL_EXTENSIONS = YES;
				CLANG_ANALYZER_NONNULL = YES;
				CLANG_ANALYZER_NUMBER_OBJECT_CONVERSION = YES_AGGRESSIVE;
				CLANG_CXX_LANGUAGE_STANDARD = "gnu++20";
				CLANG_ENABLE_MODULES = YES;
				CLANG_ENABLE_OBJC_ARC = YES;
				CLANG_ENABLE_OBJC_WEAK = YES;
				CLANG_WARN_BLOCK_CAPTURE_AUTORELEASING = YES;
				CLANG_WARN_BOOL_CONVERSION = YES;
				CLANG_WARN_COMMA = YES;
				CLANG_WARN_CONSTANT_CONVERSION = YES;
				CLANG_WARN_DEPRECATED_OBJC_IMPLEMENTATIONS = YES;
				CLANG_WARN_DIRECT_OBJC_ISA_USAGE = YES_ERROR;
				CLANG_WARN_DOCUMENTATION_COMMENTS = YES;
				CLANG_WARN_EMPTY_BODY = YES;
				CLANG_WARN_ENUM_CONVERSION = YES;
				CLANG_WARN_INFINITE_RECURSION = YES;
				CLANG_WARN_INT_CONVERSION = YES;
				CLANG_WARN_NON_LITERAL_NULL_CONVERSION = YES;
				CLANG_WARN_OBJC_IMPLICIT_RETAIN_SELF = YES;
				CLANG_WARN_OBJC_LITERAL_CONVERSION = YES;
				CLANG_WARN_OBJC_ROOT_CLASS = YES_ERROR;
				CLANG_WARN_QUOTED_INCLUDE_IN_FRAMEWORK_HEADER = YES;
				CLANG_WARN_RANGE_LOOP_ANALYSIS = YES;
				CLANG_WARN_STRICT_PROTOTYPES = YES;
				CLANG_WARN_SUSPICIOUS_MOVE = YES;
				CLANG_WARN_UNGUARDED_AVAILABILITY = YES_AGGRESSIVE;
				CLANG_WARN_UNREACHABLE_CODE = YES;
				CLANG_WARN__DUPLICATE_METHOD_MATCH = YES;
				COPY_PHASE_STRIP = NO;
				DEBUG_INFORMATION_FORMAT = dwarf;
				ENABLE_STRICT_OBJC_MSGSEND = YES;
				ENABLE_TESTABILITY = YES;
				ENABLE_USER_SCRIPT_SANDBOXING = YES;
				GCC_C_LANGUAGE_STANDARD = gnu17;
				GCC_DYNAMIC_NO_PIC = NO;
				GCC_NO_COMMON_BLOCKS = YES;
				GCC_OPTIMIZATION_LEVEL = 0;
				GCC_PREPROCESSOR_DEFINITIONS = (
					"DEBUG=1",
					"$(inherited)",
				);
				GCC_WARN_64_TO_32_BIT_CONVERSION = YES;
				GCC_WARN_ABOUT_RETURN_TYPE = YES_ERROR;
				GCC_WARN_UNDECLARED_SELECTOR = YES;
				GCC_WARN_UNINITIALIZED_AUTOS = YES_AGGRESSIVE;
				GCC_WARN_UNUSED_FUNCTION = YES;
				GCC_WARN_UNUSED_VARIABLE = YES;
				LOCALIZATION_PREFERS_STRING_CATALOGS = YES;
				MTL_ENABLE_DEBUG_INFO = INCLUDE_SOURCE;
				MTL_FAST_MATH = YES;
				ONLY_ACTIVE_ARCH = YES;
				SWIFT_ACTIVE_COMPILATION_CONDITIONS = "DEBUG $(inherited)";
				SWIFT_OPTIMIZATION_LEVEL = "-Onone";
			};
			name = Debug;
		};
		F295C4622BDFEC8A00E5D2A5 /* Release */ = {
			isa = XCBuildConfiguration;
			buildSettings = {
				ALWAYS_SEARCH_USER_PATHS = NO;
				ASSETCATALOG_COMPILER_GENERATE_SWIFT_ASSET_SYMBOL_EXTENSIONS = YES;
				CLANG_ANALYZER_NONNULL = YES;
				CLANG_ANALYZER_NUMBER_OBJECT_CONVERSION = YES_AGGRESSIVE;
				CLANG_CXX_LANGUAGE_STANDARD = "gnu++20";
				CLANG_ENABLE_MODULES = YES;
				CLANG_ENABLE_OBJC_ARC = YES;
				CLANG_ENABLE_OBJC_WEAK = YES;
				CLANG_WARN_BLOCK_CAPTURE_AUTORELEASING = YES;
				CLANG_WARN_BOOL_CONVERSION = YES;
				CLANG_WARN_COMMA = YES;
				CLANG_WARN_CONSTANT_CONVERSION = YES;
				CLANG_WARN_DEPRECATED_OBJC_IMPLEMENTATIONS = YES;
				CLANG_WARN_DIRECT_OBJC_ISA_USAGE = YES_ERROR;
				CLANG_WARN_DOCUMENTATION_COMMENTS = YES;
				CLANG_WARN_EMPTY_BODY = YES;
				CLANG_WARN_ENUM_CONVERSION = YES;
				CLANG_WARN_INFINITE_RECURSION = YES;
				CLANG_WARN_INT_CONVERSION = YES;
				CLANG_WARN_NON_LITERAL_NULL_CONVERSION = YES;
				CLANG_WARN_OBJC_IMPLICIT_RETAIN_SELF = YES;
				CLANG_WARN_OBJC_LITERAL_CONVERSION = YES;
				CLANG_WARN_OBJC_ROOT_CLASS = YES_ERROR;
				CLANG_WARN_QUOTED_INCLUDE_IN_FRAMEWORK_HEADER = YES;
				CLANG_WARN_RANGE_LOOP_ANALYSIS = YES;
				CLANG_WARN_STRICT_PROTOTYPES = YES;
				CLANG_WARN_SUSPICIOUS_MOVE = YES;
				CLANG_WARN_UNGUARDED_AVAILABILITY = YES_AGGRESSIVE;
				CLANG_WARN_UNREACHABLE_CODE = YES;
				CLANG_WARN__DUPLICATE_METHOD_MATCH = YES;
				COPY_PHASE_STRIP = NO;
				DEBUG_INFORMATION_FORMAT = "dwarf-with-dsym";
				ENABLE_NS_ASSERTIONS = NO;
				ENABLE_STRICT_OBJC_MSGSEND = YES;
				ENABLE_USER_SCRIPT_SANDBOXING = YES;
				GCC_C_LANGUAGE_STANDARD = gnu17;
				GCC_NO_COMMON_BLOCKS = YES;
				GCC_WARN_64_TO_32_BIT_CONVERSION = YES;
				GCC_WARN_ABOUT_RETURN_TYPE = YES_ERROR;
				GCC_WARN_UNDECLARED_SELECTOR = YES;
				GCC_WARN_UNINITIALIZED_AUTOS = YES_AGGRESSIVE;
				GCC_WARN_UNUSED_FUNCTION = YES;
				GCC_WARN_UNUSED_VARIABLE = YES;
				LOCALIZATION_PREFERS_STRING_CATALOGS = YES;
				MTL_ENABLE_DEBUG_INFO = NO;
				MTL_FAST_MATH = YES;
				SWIFT_COMPILATION_MODE = wholemodule;
			};
			name = Release;
		};
		F295C4642BDFEC8A00E5D2A5 /* Debug */ = {
			isa = XCBuildConfiguration;
			buildSettings = {
				ASSETCATALOG_COMPILER_APPICON_NAME = AppIcon;
				ASSETCATALOG_COMPILER_GLOBAL_ACCENT_COLOR_NAME = AccentColor;
				CODE_SIGN_STYLE = Automatic;
				CURRENT_PROJECT_VERSION = 1;
				DEVELOPMENT_ASSET_PATHS = "\"Hipup Watch App/Preview Content\"";
				DEVELOPMENT_TEAM = KX8KRVU9U5;
				ENABLE_PREVIEWS = YES;
				GENERATE_INFOPLIST_FILE = YES;
				INFOPLIST_KEY_CFBundleDisplayName = Hipup;
				INFOPLIST_KEY_UISupportedInterfaceOrientations = "UIInterfaceOrientationPortrait UIInterfaceOrientationPortraitUpsideDown";
				INFOPLIST_KEY_WKWatchOnly = YES;
				LD_RUNPATH_SEARCH_PATHS = (
					"$(inherited)",
					"@executable_path/Frameworks",
				);
				MARKETING_VERSION = 1.0;
				PRODUCT_BUNDLE_IDENTIFIER = com.example.apple.Hipup.watchkitapp;
				PRODUCT_NAME = "$(TARGET_NAME)";
				SDKROOT = watchos;
				SKIP_INSTALL = YES;
				SWIFT_EMIT_LOC_STRINGS = YES;
				SWIFT_VERSION = 5.0;
				TARGETED_DEVICE_FAMILY = 4;
				WATCHOS_DEPLOYMENT_TARGET = 10.2;
			};
			name = Debug;
		};
		F295C4652BDFEC8A00E5D2A5 /* Release */ = {
			isa = XCBuildConfiguration;
			buildSettings = {
				ASSETCATALOG_COMPILER_APPICON_NAME = AppIcon;
				ASSETCATALOG_COMPILER_GLOBAL_ACCENT_COLOR_NAME = AccentColor;
				CODE_SIGN_STYLE = Automatic;
				CURRENT_PROJECT_VERSION = 1;
				DEVELOPMENT_ASSET_PATHS = "\"Hipup Watch App/Preview Content\"";
				DEVELOPMENT_TEAM = KX8KRVU9U5;
				ENABLE_PREVIEWS = YES;
				GENERATE_INFOPLIST_FILE = YES;
				INFOPLIST_KEY_CFBundleDisplayName = Hipup;
				INFOPLIST_KEY_UISupportedInterfaceOrientations = "UIInterfaceOrientationPortrait UIInterfaceOrientationPortraitUpsideDown";
				INFOPLIST_KEY_WKWatchOnly = YES;
				LD_RUNPATH_SEARCH_PATHS = (
					"$(inherited)",
					"@executable_path/Frameworks",
				);
				MARKETING_VERSION = 1.0;
				PRODUCT_BUNDLE_IDENTIFIER = com.example.apple.Hipup.watchkitapp;
				PRODUCT_NAME = "$(TARGET_NAME)";
				SDKROOT = watchos;
				SKIP_INSTALL = YES;
				SWIFT_EMIT_LOC_STRINGS = YES;
				SWIFT_VERSION = 5.0;
				TARGETED_DEVICE_FAMILY = 4;
				VALIDATE_PRODUCT = YES;
				WATCHOS_DEPLOYMENT_TARGET = 10.2;
			};
			name = Release;
		};
		F295C4682BDFEC8A00E5D2A5 /* Debug */ = {
			isa = XCBuildConfiguration;
			buildSettings = {
				ALWAYS_EMBED_SWIFT_STANDARD_LIBRARIES = YES;
				CODE_SIGN_STYLE = Automatic;
				CURRENT_PROJECT_VERSION = 1;
				DEVELOPMENT_TEAM = KX8KRVU9U5;
				INFOPLIST_KEY_CFBundleDisplayName = Hipup;
				MARKETING_VERSION = 1.0;
				PRODUCT_BUNDLE_IDENTIFIER = com.example.apple.Hipup;
				PRODUCT_NAME = "$(TARGET_NAME)";
				SDKROOT = iphoneos;
				SWIFT_VERSION = 5.0;
			};
			name = Debug;
		};
		F295C4692BDFEC8A00E5D2A5 /* Release */ = {
			isa = XCBuildConfiguration;
			buildSettings = {
				ALWAYS_EMBED_SWIFT_STANDARD_LIBRARIES = YES;
				CODE_SIGN_STYLE = Automatic;
				CURRENT_PROJECT_VERSION = 1;
				DEVELOPMENT_TEAM = KX8KRVU9U5;
				INFOPLIST_KEY_CFBundleDisplayName = Hipup;
				MARKETING_VERSION = 1.0;
				PRODUCT_BUNDLE_IDENTIFIER = com.example.apple.Hipup;
				PRODUCT_NAME = "$(TARGET_NAME)";
				SDKROOT = iphoneos;
				SWIFT_VERSION = 5.0;
				VALIDATE_PRODUCT = YES;
			};
			name = Release;
		};
/* End XCBuildConfiguration section */

/* Begin XCConfigurationList section */
		F295C44A2BDFEC8900E5D2A5 /* Build configuration list for PBXProject "Hipup" */ = {
			isa = XCConfigurationList;
			buildConfigurations = (
				F295C4612BDFEC8A00E5D2A5 /* Debug */,
				F295C4622BDFEC8A00E5D2A5 /* Release */,
			);
			defaultConfigurationIsVisible = 0;
			defaultConfigurationName = Release;
		};
		F295C4632BDFEC8A00E5D2A5 /* Build configuration list for PBXNativeTarget "Hipup Watch App" */ = {
			isa = XCConfigurationList;
			buildConfigurations = (
				F295C4642BDFEC8A00E5D2A5 /* Debug */,
				F295C4652BDFEC8A00E5D2A5 /* Release */,
			);
			defaultConfigurationIsVisible = 0;
			defaultConfigurationName = Release;
		};
		F295C4672BDFEC8A00E5D2A5 /* Build configuration list for PBXNativeTarget "Hipup" */ = {
			isa = XCConfigurationList;
			buildConfigurations = (
				F295C4682BDFEC8A00E5D2A5 /* Debug */,
				F295C4692BDFEC8A00E5D2A5 /* Release */,
			);
			defaultConfigurationIsVisible = 0;
			defaultConfigurationName = Release;
		};
/* End XCConfigurationList section */
	};
	rootObject = F295C4472BDFEC8900E5D2A5 /* Project object */;
}
